
Microsoft Visual Studio Solution File, Format Version 11.00
# Visual Studio 2010
Project("{8BC9CEB8-8B4A-11D0-8D11-00A0C91BC942}") = "client _pm_v01", "client _pm_v01\client _pm_v01.vcxproj", "{DA9F6D43-FBB1-49EC-8D84-64D38D437358}"
EndProject
Global
	GlobalSection(SolutionConfigurationPlatforms) = preSolution
		Debug|Win32 = Debug|Win32
		Release|Win32 = Release|Win32
	EndGlobalSection
	GlobalSection(ProjectConfigurationPlatforms) = postSolution
		{DA9F6D43-FBB1-49EC-8D84-64D38D437358}.Debug|Win32.ActiveCfg = Debug|Win32
		{DA9F6D43-FBB1-49EC-8D84-64D38D437358}.Debug|Win32.Build.0 = Debug|Win32
		{DA9F6D43-FBB1-49EC-8D84-64D38D437358}.Release|Win32.ActiveCfg = Release|Win32
		{DA9F6D43-FBB1-49EC-8D84-64D38D437358}.Release|Win32.Build.0 = Release|Win32
	EndGlobalSection
	GlobalSection(SolutionProperties) = preSolution
		HideSolutionNode = FALSE
	EndGlobalSection
EndGlobal
